kind: eurorack/module
name: Voltage Block
company: malekko
description: A versatile and intuitive sequencer module that allows users to create, store, and recall up to 12 sequences of control voltages, ideal for dynamic modulation.
tags:
- sequencer
- modulation
- performance
dimensions:
  width: 24
  height: 3U
buy_price: 350
events:
- date: 2018-07-24
  kind: buy
  target: 
