---
kind: eurorack/module
name: Voltage Block
company: malekko
description: |
  8 independent 16-stage CV sequencers packed with performance features and
  presets makes the Voltage Block the ultimate CV control tool.
url: https://modulargrid.net/e/malekko-heavy-industry-voltage-block
tags:
  - cv modulation
  - quantizer
  - sequencer
  - digital
color: white
current:
  12pos: 120
  12neg: 15
  5pos: 0
dimensions:
  width: 20
  height: 3
  depth: 20
events:
  - date: 2018-07-24
    kind: buy
    source: retail (musicstore)
    destination: transit
    price: 399

  - date: 2018-07-26
    kind: move
    source: transit
    destination: ELM-0002

  - date: 2022-04-01
    kind: move
    source: ELM-0002
    destination: storage

  - date: 2022-04-03
    kind: move
    source: storage
    destination: ELM-0002

  - date: 2022-06-03
    kind: move
    source: ELM-0002
    destination: ELM-0004

  - date: 2022-10-28
    kind: move
    source: ELM-0004
    destination: storage

  - date: 2022-11-06
    kind: move
    source: storage
    destination: ELM-0002

  - date: 2024-03-30
    kind: move
    source: ELM-0002
    destination: storage
